
Microsoft Visual Studio Solution File, Format Version 12.00
# Visual Studio 15
Project("{FAE04EC0-301F-11D3-BF4B-00C04F79EFBC}") = "Assembly-CSharp", "Assembly-CSharp.csproj", "{AB9DF26C-0F1F-FDB3-84BC-83AC89472BB7}"
EndProject
Project("{FAE04EC0-301F-11D3-BF4B-00C04F79EFBC}") = "Assembly-CSharp-Editor", "Assembly-CSharp-Editor.csproj", "{FC2ACB3E-FD21-0880-1C31-4F1E278A2850}"
EndProject
Global
	GlobalSection(SolutionConfigurationPlatforms) = preSolution
		Debug|Any CPU = Debug|Any CPU
		Release|Any CPU = Release|Any CPU
	EndGlobalSection
	GlobalSection(ProjectConfigurationPlatforms) = postSolution
		{AB9DF26C-0F1F-FDB3-84BC-83AC89472BB7}.Debug|Any CPU.ActiveCfg = Debug|Any CPU
		{AB9DF26C-0F1F-FDB3-84BC-83AC89472BB7}.Debug|Any CPU.Build.0 = Debug|Any CPU
		{AB9DF26C-0F1F-FDB3-84BC-83AC89472BB7}.Release|Any CPU.ActiveCfg = Release|Any CPU
		{AB9DF26C-0F1F-FDB3-84BC-83AC89472BB7}.Release|Any CPU.Build.0 = Release|Any CPU
		{FC2ACB3E-FD21-0880-1C31-4F1E278A2850}.Debug|Any CPU.ActiveCfg = Debug|Any CPU
		{FC2ACB3E-FD21-0880-1C31-4F1E278A2850}.Debug|Any CPU.Build.0 = Debug|Any CPU
		{FC2ACB3E-FD21-0880-1C31-4F1E278A2850}.Release|Any CPU.ActiveCfg = Release|Any CPU
		{FC2ACB3E-FD21-0880-1C31-4F1E278A2850}.Release|Any CPU.Build.0 = Release|Any CPU
	EndGlobalSection
	GlobalSection(SolutionProperties) = preSolution
		HideSolutionNode = FALSE
	EndGlobalSection
EndGlobal
